
Microsoft Visual Studio Solution File, Format Version 12.00
# Visual Studio Version 17
VisualStudioVersion = 17.10.34928.147
MinimumVisualStudioVersion = 10.0.40219.1
Project("{FAE04EC0-301F-11D3-BF4B-00C04F79EFBC}") = "Canvas.Pavliy.Saroka", "Canvas.Pavliy.Saroka\Canvas.Pavliy.Saroka.csproj", "{99F33623-5E00-4B47-8936-C303921E4763}"
EndProject
Global
	GlobalSection(SolutionConfigurationPlatforms) = preSolution
		Debug|Any CPU = Debug|Any CPU
		Release|Any CPU = Release|Any CPU
	EndGlobalSection
	GlobalSection(ProjectConfigurationPlatforms) = postSolution
		{99F33623-5E00-4B47-8936-C303921E4763}.Debug|Any CPU.ActiveCfg = Debug|Any CPU
		{99F33623-5E00-4B47-8936-C303921E4763}.Debug|Any CPU.Build.0 = Debug|Any CPU
		{99F33623-5E00-4B47-8936-C303921E4763}.Release|Any CPU.ActiveCfg = Release|Any CPU
		{99F33623-5E00-4B47-8936-C303921E4763}.Release|Any CPU.Build.0 = Release|Any CPU
	EndGlobalSection
	GlobalSection(SolutionProperties) = preSolution
		HideSolutionNode = FALSE
	EndGlobalSection
	GlobalSection(ExtensibilityGlobals) = postSolution
		SolutionGuid = {8A8CAC15-67A8-444E-9254-9EFBD9B1482E}
	EndGlobalSection
EndGlobal
